[root]
name = "ircbot"
version = "0.1.0"
dependencies = [
 "http 0.1.0-pre (git+https://github.com/chris-morgan/rust-http#85689a9f69132655cf5ed8dc11af1a7c58709046)",
 "irc 0.1.0 (git+https://github.com/infinityb/rust-irc#bdbcf7424266f3fd96501e50185b1eb4f4e9c006)",
 "toml 0.1.0 (git+https://github.com/alexcrichton/toml-rs#8a3ba4c65cfa22a3d924293a1fb3a70bfac5e66c)",
]

[[package]]
name = "encoding"
version = "0.1.0"
source = "git+https://github.com/lifthrasiir/rust-encoding#dd6183298e20b038fcd1cc4ab91405b3c72e49db"

[[package]]
name = "http"
version = "0.1.0-pre"
source = "git+https://github.com/chris-morgan/rust-http#85689a9f69132655cf5ed8dc11af1a7c58709046"
dependencies = [
 "openssl 0.0.0 (git+https://github.com/sfackler/rust-openssl.git#6277635e5c579c5842fc5f921a3b27a544a7b346)",
 "url 0.1.0 (git+https://github.com/servo/rust-url#7f1991d847fb8cf8648def2ff121bae90b89131f)",
]

[[package]]
name = "irc"
version = "0.1.0"
source = "git+https://github.com/infinityb/rust-irc#bdbcf7424266f3fd96501e50185b1eb4f4e9c006"

[[package]]
name = "openssl"
version = "0.0.0"
source = "git+https://github.com/sfackler/rust-openssl.git#6277635e5c579c5842fc5f921a3b27a544a7b346"

[[package]]
name = "toml"
version = "0.1.0"
source = "git+https://github.com/alexcrichton/toml-rs#8a3ba4c65cfa22a3d924293a1fb3a70bfac5e66c"

[[package]]
name = "url"
version = "0.1.0"
source = "git+https://github.com/servo/rust-url#7f1991d847fb8cf8648def2ff121bae90b89131f"
dependencies = [
 "encoding 0.1.0 (git+https://github.com/lifthrasiir/rust-encoding#dd6183298e20b038fcd1cc4ab91405b3c72e49db)",
]

